// !$*UTF8*$!
{
	archiveVersion = 1;
	classes = {
	};
	objectVersion = 46;
	objects = {

/* Begin PBXBuildFile section */
		CA5404F21E41F75E009427F9 /* AppDelegate.swift in Sources */ = {isa = PBXBuildFile; fileRef = CA5404F11E41F75E009427F9 /* AppDelegate.swift */; };
		CA5404F41E41F75E009427F9 /* ViewController.swift in Sources */ = {isa = PBXBuildFile; fileRef = CA5404F31E41F75E009427F9 /* ViewController.swift */; };
		CA5404F71E41F75E009427F9 /* Main.storyboard in Resources */ = {isa = PBXBuildFile; fileRef = CA5404F51E41F75E009427F9 /* Main.storyboard */; };
		CA5404F91E41F75E009427F9 /* Assets.xcassets in Resources */ = {isa = PBXBuildFile; fileRef = CA5404F81E41F75E009427F9 /* Assets.xcassets */; };
		CA5404FC1E41F75E009427F9 /* LaunchScreen.storyboard in Resources */ = {isa = PBXBuildFile; fileRef = CA5404FA1E41F75E009427F9 /* LaunchScreen.storyboard */; };
/* End PBXBuildFile section */

/* Begin PBXFileReference section */
		CA5404EE1E41F75E009427F9 /* Passdata Using CallBack.app */ = {isa = PBXFileReference; explicitFileType = wrapper.application; includeInIndex = 0; path = "Passdata Using CallBack.app"; sourceTree = BUILT_PRODUCTS_DIR; };
		CA5404F11E41F75E009427F9 /* AppDelegate.swift */ = {isa = PBXFileReference; lastKnownFileType = sourcecode.swift; path = AppDelegate.swift; sourceTree = "<group>"; };
		CA5404F31E41F75E009427F9 /* ViewController.swift */ = {isa = PBXFileReference; lastKnownFileType = sourcecode.swift; path = ViewController.swift; sourceTree = "<group>"; };
		CA5404F61E41F75E009427F9 /* Base */ = {isa = PBXFileReference; lastKnownFileType = file.storyboard; name = Base; path = Base.lproj/Main.storyboard; sourceTree = "<group>"; };
		CA5404F81E41F75E009427F9 /* Assets.xcassets */ = {isa = PBXFileReference; lastKnownFileType = folder.assetcatalog; path = Assets.xcassets; sourceTree = "<group>"; };
		CA5404FB1E41F75E009427F9 /* Base */ = {isa = PBXFileReference; lastKnownFileType = file.storyboard; name = Base; path = Base.lproj/LaunchScreen.storyboard; sourceTree = "<group>"; };
		CA5404FD1E41F75E009427F9 /* Info.plist */ = {isa = PBXFileReference; lastKnownFileType = text.plist.xml; path = Info.plist; sourceTree = "<group>"; };
/* End PBXFileReference section */

/* Begin PBXFrameworksBuildPhase section */
		CA5404EB1E41F75E009427F9 /* Frameworks */ = {
			isa = PBXFrameworksBuildPhase;
			buildActionMask = 2147483647;
			files = (
			);
			runOnlyForDeploymentPostprocessing = 0;
		};
/* End PBXFrameworksBuildPhase section */

/* Begin PBXGroup section */
		CA5404E51E41F75E009427F9 = {
			isa = PBXGroup;
			children = (
				CA5404F01E41F75E009427F9 /* Passdata Using CallBack */,
				CA5404EF1E41F75E009427F9 /* Products */,
			);
			sourceTree = "<group>";
		};
		CA5404EF1E41F75E009427F9 /* Products */ = {
			isa = PBXGroup;
			children = (
				CA5404EE1E41F75E009427F9 /* Passdata Using CallBack.app */,
			);
			name = Products;
			sourceTree = "<group>";
		};
		CA5404F01E41F75E009427F9 /* Passdata Using CallBack */ = {
			isa = PBXGroup;
			children = (
				CA5404F11E41F75E009427F9 /* AppDelegate.swift */,
				CA5404F31E41F75E009427F9 /* ViewController.swift */,
				CA5404F51E41F75E009427F9 /* Main.storyboard */,
				CA5404F81E41F75E009427F9 /* Assets.xcassets */,
				CA5404FA1E41F75E009427F9 /* LaunchScreen.storyboard */,
				CA5404FD1E41F75E009427F9 /* Info.plist */,
			);
			path = "Passdata Using CallBack";
			sourceTree = "<group>";
		};
/* End PBXGroup section */

/* Begin PBXNativeTarget section */
		CA5404ED1E41F75E009427F9 /* Passdata Using CallBack */ = {
			isa = PBXNativeTarget;
			buildConfigurationList = CA5405001E41F75E009427F9 /* Build configuration list for PBXNativeTarget "Passdata Using CallBack" */;
			buildPhases = (
				CA5404EA1E41F75E009427F9 /* Sources */,
				CA5404EB1E41F75E009427F9 /* Frameworks */,
				CA5404EC1E41F75E009427F9 /* Resources */,
			);
			buildRules = (
			);
			dependencies = (
			);
			name = "Passdata Using CallBack";
			productName = "Passdata Using CallBack";
			productReference = CA5404EE1E41F75E009427F9 /* Passdata Using CallBack.app */;
			productType = "com.apple.product-type.application";
		};
/* End PBXNativeTarget section */

/* Begin PBXProject section */
		CA5404E61E41F75E009427F9 /* Project object */ = {
			isa = PBXProject;
			attributes = {
				LastSwiftUpdateCheck = 0810;
				LastUpgradeCheck = 0810;
				ORGANIZATIONNAME = eHeuristic;
				TargetAttributes = {
					CA5404ED1E41F75E009427F9 = {
						CreatedOnToolsVersion = 8.1;
						ProvisioningStyle = Automatic;
					};
				};
			};
			buildConfigurationList = CA5404E91E41F75E009427F9 /* Build configuration list for PBXProject "Passdata Using CallBack" */;
			compatibilityVersion = "Xcode 3.2";
			developmentRegion = English;
			hasScannedForEncodings = 0;
			knownRegions = (
				en,
				Base,
			);
			mainGroup = CA5404E51E41F75E009427F9;
			productRefGroup = CA5404EF1E41F75E009427F9 /* Products */;
			projectDirPath = "";
			projectRoot = "";
			targets = (
				CA5404ED1E41F75E009427F9 /* Passdata Using CallBack */,
			);
		};
/* End PBXProject section */

/* Begin PBXResourcesBuildPhase section */
		CA5404EC1E41F75E009427F9 /* Resources */ = {
			isa = PBXResourcesBuildPhase;
			buildActionMask = 2147483647;
			files = (
				CA5404FC1E41F75E009427F9 /* LaunchScreen.storyboard in Resources */,
				CA5404F91E41F75E009427F9 /* Assets.xcassets in Resources */,
				CA5404F71E41F75E009427F9 /* Main.storyboard in Resources */,
			);
			runOnlyForDeploymentPostprocessing = 0;
		};
/* End PBXResourcesBuildPhase section */

/* Begin PBXSourcesBuildPhase section */
		CA5404EA1E41F75E009427F9 /* Sources */ = {
			isa = PBXSourcesBuildPhase;
			buildActionMask = 2147483647;
			files = (
				CA5404F41E41F75E009427F9 /* ViewController.swift in Sources */,
				CA5404F21E41F75E009427F9 /* AppDelegate.swift in Sources */,
			);
			runOnlyForDeploymentPostprocessing = 0;
		};
/* End PBXSourcesBuildPhase section */

/* Begin PBXVariantGroup section */
		CA5404F51E41F75E009427F9 /* Main.storyboard */ = {
			isa = PBXVariantGroup;
			children = (
				CA5404F61E41F75E009427F9 /* Base */,
			);
			name = Main.storyboard;
			sourceTree = "<group>";
		};
		CA5404FA1E41F75E009427F9 /* LaunchScreen.storyboard */ = {
			isa = PBXVariantGroup;
			children = (
				CA5404FB1E41F75E009427F9 /* Base */,
			);
			name = LaunchScreen.storyboard;
			sourceTree = "<group>";
		};
/* End PBXVariantGroup section */

/* Begin XCBuildConfiguration section */
		CA5404FE1E41F75E009427F9 /* Debug */ = {
			isa = XCBuildConfiguration;
			buildSettings = {
				ALWAYS_SEARCH_USER_PATHS = NO;
				CLANG_ANALYZER_NONNULL = YES;
				CLANG_CXX_LANGUAGE_STANDARD = "gnu++0x";
				CLANG_CXX_LIBRARY = "libc++";
				CLANG_ENABLE_MODULES = YES;
				CLANG_ENABLE_OBJC_ARC = YES;
				CLANG_WARN_BOOL_CONVERSION = YES;
				CLANG_WARN_CONSTANT_CONVERSION = YES;
				CLANG_WARN_DIRECT_OBJC_ISA_USAGE = YES_ERROR;
				CLANG_WARN_DOCUMENTATION_COMMENTS = YES;
				CLANG_WARN_EMPTY_BODY = YES;
				CLANG_WARN_ENUM_CONVERSION = YES;
				CLANG_WARN_INFINITE_RECURSION = YES;
				CLANG_WARN_INT_CONVERSION = YES;
				CLANG_WARN_OBJC_ROOT_CLASS = YES_ERROR;
				CLANG_WARN_SUSPICIOUS_MOVES = YES;
				CLANG_WARN_UNREACHABLE_CODE = YES;
				CLANG_WARN__DUPLICATE_METHOD_MATCH = YES;
				"CODE_SIGN_IDENTITY[sdk=iphoneos*]" = "iPhone Developer";
				COPY_PHASE_STRIP = NO;
				DEBUG_INFORMATION_FORMAT = dwarf;
				ENABLE_STRICT_OBJC_MSGSEND = YES;
				ENABLE_TESTABILITY = YES;
				GCC_C_LANGUAGE_STANDARD = gnu99;
				GCC_DYNAMIC_NO_PIC = NO;
				GCC_NO_COMMON_BLOCKS = YES;
				GCC_OPTIMIZATION_LEVEL = 0;
				GCC_PREPROCESSOR_DEFINITIONS = (
					"DEBUG=1",
					"$(inherited)",
				);
				GCC_WARN_64_TO_32_BIT_CONVERSION = YES;
				GCC_WARN_ABOUT_RETURN_TYPE = YES_ERROR;
				GCC_WARN_UNDECLARED_SELECTOR = YES;
				GCC_WARN_UNINITIALIZED_AUTOS = YES_AGGRESSIVE;
				GCC_WARN_UNUSED_FUNCTION = YES;
				GCC_WARN_UNUSED_VARIABLE = YES;
				IPHONEOS_DEPLOYMENT_TARGET = 10.1;
				MTL_ENABLE_DEBUG_INFO = YES;
				ONLY_ACTIVE_ARCH = YES;
				SDKROOT = iphoneos;
				SWIFT_ACTIVE_COMPILATION_CONDITIONS = DEBUG;
				SWIFT_OPTIMIZATION_LEVEL = "-Onone";
				TARGETED_DEVICE_FAMILY = "1,2";
			};
			name = Debug;
		};
		CA5404FF1E41F75E009427F9 /* Release */ = {
			isa = XCBuildConfiguration;
			buildSettings = {
				ALWAYS_SEARCH_USER_PATHS = NO;
				CLANG_ANALYZER_NONNULL = YES;
				CLANG_CXX_LANGUAGE_STANDARD = "gnu++0x";
				CLANG_CXX_LIBRARY = "libc++";
				CLANG_ENABLE_MODULES = YES;
				CLANG_ENABLE_OBJC_ARC = YES;
				CLANG_WARN_BOOL_CONVERSION = YES;
				CLANG_WARN_CONSTANT_CONVERSION = YES;
				CLANG_WARN_DIRECT_OBJC_ISA_USAGE = YES_ERROR;
				CLANG_WARN_DOCUMENTATION_COMMENTS = YES;
				CLANG_WARN_EMPTY_BODY = YES;
				CLANG_WARN_ENUM_CONVERSION = YES;
				CLANG_WARN_INFINITE_RECURSION = YES;
				CLANG_WARN_INT_CONVERSION = YES;
				CLANG_WARN_OBJC_ROOT_CLASS = YES_ERROR;
				CLANG_WARN_SUSPICIOUS_MOVES = YES;
				CLANG_WARN_UNREACHABLE_CODE = YES;
				CLANG_WARN__DUPLICATE_METHOD_MATCH = YES;
				"CODE_SIGN_IDENTITY[sdk=iphoneos*]" = "iPhone Developer";
				COPY_PHASE_STRIP = NO;
				DEBUG_INFORMATION_FORMAT = "dwarf-with-dsym";
				ENABLE_NS_ASSERTIONS = NO;
				ENABLE_STRICT_OBJC_MSGSEND = YES;
				GCC_C_LANGUAGE_STANDARD = gnu99;
				GCC_NO_COMMON_BLOCKS = YES;
				GCC_WARN_64_TO_32_BIT_CONVERSION = YES;
				GCC_WARN_ABOUT_RETURN_TYPE = YES_ERROR;
				GCC_WARN_UNDECLARED_SELECTOR = YES;
				GCC_WARN_UNINITIALIZED_AUTOS = YES_AGGRESSIVE;
				GCC_WARN_UNUSED_FUNCTION = YES;
				GCC_WARN_UNUSED_VARIABLE = YES;
				IPHONEOS_DEPLOYMENT_TARGET = 10.1;
				MTL_ENABLE_DEBUG_INFO = NO;
				SDKROOT = iphoneos;
				SWIFT_OPTIMIZATION_LEVEL = "-Owholemodule";
				TARGETED_DEVICE_FAMILY = "1,2";
				VALIDATE_PRODUCT = YES;
			};
			name = Release;
		};
		CA5405011E41F75E009427F9 /* Debug */ = {
			isa = XCBuildConfiguration;
			buildSettings = {
				ASSETCATALOG_COMPILER_APPICON_NAME = AppIcon;
				INFOPLIST_FILE = "Passdata Using CallBack/Info.plist";
				LD_RUNPATH_SEARCH_PATHS = "$(inherited) @executable_path/Frameworks";
				PRODUCT_BUNDLE_IDENTIFIER = "com.ehs.Passdata-Using-CallBack";
				PRODUCT_NAME = "$(TARGET_NAME)";
				SWIFT_VERSION = 3.0;
			};
			name = Debug;
		};
		CA5405021E41F75E009427F9 /* Release */ = {
			isa = XCBuildConfiguration;
			buildSettings = {
				ASSETCATALOG_COMPILER_APPICON_NAME = AppIcon;
				INFOPLIST_FILE = "Passdata Using CallBack/Info.plist";
				LD_RUNPATH_SEARCH_PATHS = "$(inherited) @executable_path/Frameworks";
				PRODUCT_BUNDLE_IDENTIFIER = "com.ehs.Passdata-Using-CallBack";
				PRODUCT_NAME = "$(TARGET_NAME)";
				SWIFT_VERSION = 3.0;
			};
			name = Release;
		};
/* End XCBuildConfiguration section */

/* Begin XCConfigurationList section */
		CA5404E91E41F75E009427F9 /* Build configuration list for PBXProject "Passdata Using CallBack" */ = {
			isa = XCConfigurationList;
			buildConfigurations = (
				CA5404FE1E41F75E009427F9 /* Debug */,
				CA5404FF1E41F75E009427F9 /* Release */,
			);
			defaultConfigurationIsVisible = 0;
			defaultConfigurationName = Release;
		};
		CA5405001E41F75E009427F9 /* Build configuration list for PBXNativeTarget "Passdata Using CallBack" */ = {
			isa = XCConfigurationList;
			buildConfigurations = (
				CA5405011E41F75E009427F9 /* Debug */,
				CA5405021E41F75E009427F9 /* Release */,
			);
			defaultConfigurationIsVisible = 0;
		};
/* End XCConfigurationList section */
	};
	rootObject = CA5404E61E41F75E009427F9 /* Project object */;
}
